
Microsoft Visual Studio Solution File, Format Version 12.00
# Visual Studio Version 17
VisualStudioVersion = 17.14.36310.24 d17.14
MinimumVisualStudioVersion = 10.0.40219.1
Project("{FAE04EC0-301F-11D3-BF4B-00C04F79EFBC}") = "PRELIM_LAB1_BSIT_31A3_RACHELLEANNE_LUCBAN", "PRELIM_LAB1_BSIT_31A3_RACHELLEANNE_LUCBAN\PRELIM_LAB1_BSIT_31A3_RACHELLEANNE_LUCBAN.csproj", "{94B8A581-31F2-4160-A97E-92CCBA92521A}"
EndProject
Global
	GlobalSection(SolutionConfigurationPlatforms) = preSolution
		Debug|Any CPU = Debug|Any CPU
		Release|Any CPU = Release|Any CPU
	EndGlobalSection
	GlobalSection(ProjectConfigurationPlatforms) = postSolution
		{94B8A581-31F2-4160-A97E-92CCBA92521A}.Debug|Any CPU.ActiveCfg = Debug|Any CPU
		{94B8A581-31F2-4160-A97E-92CCBA92521A}.Debug|Any CPU.Build.0 = Debug|Any CPU
		{94B8A581-31F2-4160-A97E-92CCBA92521A}.Release|Any CPU.ActiveCfg = Release|Any CPU
		{94B8A581-31F2-4160-A97E-92CCBA92521A}.Release|Any CPU.Build.0 = Release|Any CPU
	EndGlobalSection
	GlobalSection(SolutionProperties) = preSolution
		HideSolutionNode = FALSE
	EndGlobalSection
	GlobalSection(ExtensibilityGlobals) = postSolution
		SolutionGuid = {61242E79-B590-4708-84B8-BE010519B419}
	EndGlobalSection
EndGlobal
